{
  "name": "numbers-to-words",
  "version": "1.0.0",
  "lockfileVersion": 3,
  "requires": true,
  "packages": {
    "": {
      "name": "numbers-to-words",
      "version": "1.0.0",
      "license": "ISC",
      "dependencies": {
        "extenso": "^2.0.1",
        "number-to-words": "^1.2.4",
        "numero-por-extenso": "^1.0.8"
      }
    },
    "node_modules/extenso": {
      "version": "2.0.1",
      "resolved": "https://registry.npmjs.org/extenso/-/extenso-2.0.1.tgz",
      "integrity": "sha512-EXaNgWmE9UHqXCa65Fgj4bNArSxBsJh80QWJPscViClk3ch/WlNfB3otKwIid2gfXdEqJ1Hfyl5/+aKSH/Y1Pw=="
    },
    "node_modules/number-to-words": {
      "version": "1.2.4",
      "resolved": "https://registry.npmjs.org/number-to-words/-/number-to-words-1.2.4.tgz",
      "integrity": "sha512-/fYevVkXRcyBiZDg6yzZbm0RuaD6i0qRfn8yr+6D0KgBMOndFPxuW10qCHpzs50nN8qKuv78k8MuotZhcVX6Pw=="
    },
    "node_modules/numero-por-extenso": {
      "version": "1.0.8",
      "resolved": "https://registry.npmjs.org/numero-por-extenso/-/numero-por-extenso-1.0.8.tgz",
      "integrity": "sha512-DOwE+gOIQBcD0xy/SAWxVmaquOMuKiZXSIesbXnP495RnfctAZ6EbKAElofk05qf575aK8ICg9ISlAQt5KFAbQ=="
    }
  }
}
